
Microsoft Visual Studio Solution File, Format Version 12.00
# Visual Studio 15
VisualStudioVersion = 15.0.28307.902
MinimumVisualStudioVersion = 10.0.40219.1
Project("{8BC9CEB8-8B4A-11D0-8D11-00A0C91BC942}") = "ToyRT", "ToyRT\ToyRT.vcxproj", "{28ED086D-98C4-4B9E-BE61-71CB45A10B22}"
EndProject
Project("{8BC9CEB8-8B4A-11D0-8D11-00A0C91BC942}") = "NextWeekend", "NextWeekend\NextWeekend.vcxproj", "{651AE3CB-F02B-432B-9DAC-9D6FD4E1D9B9}"
EndProject
Global
	GlobalSection(SolutionConfigurationPlatforms) = preSolution
		Debug|x64 = Debug|x64
		Debug|x86 = Debug|x86
		Release|x64 = Release|x64
		Release|x86 = Release|x86
	EndGlobalSection
	GlobalSection(ProjectConfigurationPlatforms) = postSolution
		{28ED086D-98C4-4B9E-BE61-71CB45A10B22}.Debug|x64.ActiveCfg = Debug|x64
		{28ED086D-98C4-4B9E-BE61-71CB45A10B22}.Debug|x64.Build.0 = Debug|x64
		{28ED086D-98C4-4B9E-BE61-71CB45A10B22}.Debug|x86.ActiveCfg = Debug|Win32
		{28ED086D-98C4-4B9E-BE61-71CB45A10B22}.Debug|x86.Build.0 = Debug|Win32
		{28ED086D-98C4-4B9E-BE61-71CB45A10B22}.Release|x64.ActiveCfg = Release|x64
		{28ED086D-98C4-4B9E-BE61-71CB45A10B22}.Release|x64.Build.0 = Release|x64
		{28ED086D-98C4-4B9E-BE61-71CB45A10B22}.Release|x86.ActiveCfg = Release|Win32
		{28ED086D-98C4-4B9E-BE61-71CB45A10B22}.Release|x86.Build.0 = Release|Win32
		{651AE3CB-F02B-432B-9DAC-9D6FD4E1D9B9}.Debug|x64.ActiveCfg = Debug|x64
		{651AE3CB-F02B-432B-9DAC-9D6FD4E1D9B9}.Debug|x64.Build.0 = Debug|x64
		{651AE3CB-F02B-432B-9DAC-9D6FD4E1D9B9}.Debug|x86.ActiveCfg = Debug|Win32
		{651AE3CB-F02B-432B-9DAC-9D6FD4E1D9B9}.Debug|x86.Build.0 = Debug|Win32
		{651AE3CB-F02B-432B-9DAC-9D6FD4E1D9B9}.Release|x64.ActiveCfg = Release|x64
		{651AE3CB-F02B-432B-9DAC-9D6FD4E1D9B9}.Release|x64.Build.0 = Release|x64
		{651AE3CB-F02B-432B-9DAC-9D6FD4E1D9B9}.Release|x86.ActiveCfg = Release|Win32
		{651AE3CB-F02B-432B-9DAC-9D6FD4E1D9B9}.Release|x86.Build.0 = Release|Win32
	EndGlobalSection
	GlobalSection(SolutionProperties) = preSolution
		HideSolutionNode = FALSE
	EndGlobalSection
	GlobalSection(ExtensibilityGlobals) = postSolution
		SolutionGuid = {F26E838A-F00B-41EC-BEB2-7B36C70A5D1E}
	EndGlobalSection
EndGlobal
